
Microsoft Visual Studio Solution File, Format Version 12.00
# Visual Studio Version 16
VisualStudioVersion = 16.0.30711.63
MinimumVisualStudioVersion = 10.0.40219.1
Project("{FAE04EC0-301F-11D3-BF4B-00C04F79EFBC}") = "MVCContact", "MVCContact\MVCContact.csproj", "{40310310-79F3-4931-BF2D-A5BA39C3C230}"
EndProject
Global
	GlobalSection(SolutionConfigurationPlatforms) = preSolution
		Debug|Any CPU = Debug|Any CPU
		Release|Any CPU = Release|Any CPU
	EndGlobalSection
	GlobalSection(ProjectConfigurationPlatforms) = postSolution
		{40310310-79F3-4931-BF2D-A5BA39C3C230}.Debug|Any CPU.ActiveCfg = Debug|Any CPU
		{40310310-79F3-4931-BF2D-A5BA39C3C230}.Debug|Any CPU.Build.0 = Debug|Any CPU
		{40310310-79F3-4931-BF2D-A5BA39C3C230}.Release|Any CPU.ActiveCfg = Release|Any CPU
		{40310310-79F3-4931-BF2D-A5BA39C3C230}.Release|Any CPU.Build.0 = Release|Any CPU
	EndGlobalSection
	GlobalSection(SolutionProperties) = preSolution
		HideSolutionNode = FALSE
	EndGlobalSection
	GlobalSection(ExtensibilityGlobals) = postSolution
		SolutionGuid = {775670A2-BC1C-41CA-9C1A-4772C58E4505}
	EndGlobalSection
EndGlobal
